
Microsoft Visual Studio Solution File, Format Version 12.00
# Visual Studio Version 16
VisualStudioVersion = 16.0.31410.357
MinimumVisualStudioVersion = 10.0.40219.1
Project("{FAE04EC0-301F-11D3-BF4B-00C04F79EFBC}") = "InternetRadio", "InternetRadio\InternetRadio.csproj", "{9B13818E-F4B8-4037-8BCB-55457C5E4220}"
EndProject
Global
	GlobalSection(SolutionConfigurationPlatforms) = preSolution
		Debug|Any CPU = Debug|Any CPU
		Release|Any CPU = Release|Any CPU
	EndGlobalSection
	GlobalSection(ProjectConfigurationPlatforms) = postSolution
		{9B13818E-F4B8-4037-8BCB-55457C5E4220}.Debug|Any CPU.ActiveCfg = Debug|Any CPU
		{9B13818E-F4B8-4037-8BCB-55457C5E4220}.Debug|Any CPU.Build.0 = Debug|Any CPU
		{9B13818E-F4B8-4037-8BCB-55457C5E4220}.Release|Any CPU.ActiveCfg = Release|Any CPU
		{9B13818E-F4B8-4037-8BCB-55457C5E4220}.Release|Any CPU.Build.0 = Release|Any CPU
	EndGlobalSection
	GlobalSection(SolutionProperties) = preSolution
		HideSolutionNode = FALSE
	EndGlobalSection
	GlobalSection(ExtensibilityGlobals) = postSolution
		SolutionGuid = {1CCBBBEC-3F3F-4C5C-9E21-12A74D7B57C8}
	EndGlobalSection
EndGlobal
